
Microsoft Visual Studio Solution File, Format Version 12.00
# Visual Studio Version 16
VisualStudioVersion = 16.0.29324.140
MinimumVisualStudioVersion = 10.0.40219.1
Project("{9A19103F-16F7-4668-BE54-9A1E7A4F7556}") = "EzPassword.Core", "EzPassword.Core\EzPassword.Core.csproj", "{0B8EB213-32F8-4564-9040-C1103D1F6F5C}"
EndProject
Project("{9A19103F-16F7-4668-BE54-9A1E7A4F7556}") = "EzPassword.WordDownloader", "EzPassword.WordDownloader\EzPassword.WordDownloader.csproj", "{8827F9E2-C47D-40D0-8571-E9BA36DF2BBC}"
EndProject
Project("{9A19103F-16F7-4668-BE54-9A1E7A4F7556}") = "EzPassword.Core.UnitTests", "EzPassword.Core.UnitTests\EzPassword.Core.UnitTests.csproj", "{7E3BC3E1-D944-4A49-AAD8-A7B0335D4BDF}"
EndProject
Project("{FAE04EC0-301F-11D3-BF4B-00C04F79EFBC}") = "EzPassword.Web", "EzPassword.Web\EzPassword.Web.csproj", "{5CDB8C25-4467-49D7-BA57-65BB2BEDF3DD}"
EndProject
Project("{FAE04EC0-301F-11D3-BF4B-00C04F79EFBC}") = "EzPassword.ConsoleGenerator", "EzPassword.ConsoleGenerator\EzPassword.ConsoleGenerator.csproj", "{69A4F94E-9962-424E-A79B-215B590964D6}"
EndProject
Global
	GlobalSection(SolutionConfigurationPlatforms) = preSolution
		Debug|Any CPU = Debug|Any CPU
		Release|Any CPU = Release|Any CPU
	EndGlobalSection
	GlobalSection(ProjectConfigurationPlatforms) = postSolution
		{0B8EB213-32F8-4564-9040-C1103D1F6F5C}.Debug|Any CPU.ActiveCfg = Debug|Any CPU
		{0B8EB213-32F8-4564-9040-C1103D1F6F5C}.Debug|Any CPU.Build.0 = Debug|Any CPU
		{0B8EB213-32F8-4564-9040-C1103D1F6F5C}.Release|Any CPU.ActiveCfg = Release|Any CPU
		{0B8EB213-32F8-4564-9040-C1103D1F6F5C}.Release|Any CPU.Build.0 = Release|Any CPU
		{8827F9E2-C47D-40D0-8571-E9BA36DF2BBC}.Debug|Any CPU.ActiveCfg = Debug|Any CPU
		{8827F9E2-C47D-40D0-8571-E9BA36DF2BBC}.Debug|Any CPU.Build.0 = Debug|Any CPU
		{8827F9E2-C47D-40D0-8571-E9BA36DF2BBC}.Release|Any CPU.ActiveCfg = Release|Any CPU
		{8827F9E2-C47D-40D0-8571-E9BA36DF2BBC}.Release|Any CPU.Build.0 = Release|Any CPU
		{7E3BC3E1-D944-4A49-AAD8-A7B0335D4BDF}.Debug|Any CPU.ActiveCfg = Debug|Any CPU
		{7E3BC3E1-D944-4A49-AAD8-A7B0335D4BDF}.Debug|Any CPU.Build.0 = Debug|Any CPU
		{7E3BC3E1-D944-4A49-AAD8-A7B0335D4BDF}.Release|Any CPU.ActiveCfg = Release|Any CPU
		{7E3BC3E1-D944-4A49-AAD8-A7B0335D4BDF}.Release|Any CPU.Build.0 = Release|Any CPU
		{5CDB8C25-4467-49D7-BA57-65BB2BEDF3DD}.Debug|Any CPU.ActiveCfg = Debug|Any CPU
		{5CDB8C25-4467-49D7-BA57-65BB2BEDF3DD}.Debug|Any CPU.Build.0 = Debug|Any CPU
		{5CDB8C25-4467-49D7-BA57-65BB2BEDF3DD}.Release|Any CPU.ActiveCfg = Release|Any CPU
		{5CDB8C25-4467-49D7-BA57-65BB2BEDF3DD}.Release|Any CPU.Build.0 = Release|Any CPU
		{69A4F94E-9962-424E-A79B-215B590964D6}.Debug|Any CPU.ActiveCfg = Debug|Any CPU
		{69A4F94E-9962-424E-A79B-215B590964D6}.Debug|Any CPU.Build.0 = Debug|Any CPU
		{69A4F94E-9962-424E-A79B-215B590964D6}.Release|Any CPU.ActiveCfg = Release|Any CPU
		{69A4F94E-9962-424E-A79B-215B590964D6}.Release|Any CPU.Build.0 = Release|Any CPU
	EndGlobalSection
	GlobalSection(SolutionProperties) = preSolution
		HideSolutionNode = FALSE
	EndGlobalSection
	GlobalSection(ExtensibilityGlobals) = postSolution
		SolutionGuid = {51640795-26B2-4C5D-BDF2-40525BEA541C}
	EndGlobalSection
EndGlobal
