
Microsoft Visual Studio Solution File, Format Version 12.00
# Visual Studio Version 16
VisualStudioVersion = 16.0.29324.140
MinimumVisualStudioVersion = 10.0.40219.1
Project("{9A19103F-16F7-4668-BE54-9A1E7A4F7556}") = "EzPassword.Core", "EzPassword.Core\EzPassword.Core.csproj", "{0B8EB213-32F8-4564-9040-C1103D1F6F5C}"
EndProject
Project("{9A19103F-16F7-4668-BE54-9A1E7A4F7556}") = "EzPassword.WordDownloader", "EzPassword.WordDownloader\EzPassword.WordDownloader.csproj", "{8827F9E2-C47D-40D0-8571-E9BA36DF2BBC}"
EndProject
Project("{9A19103F-16F7-4668-BE54-9A1E7A4F7556}") = "EzPassword.Core.UnitTests", "EzPassword.Core.UnitTests\EzPassword.Core.UnitTests.csproj", "{7E3BC3E1-D944-4A49-AAD8-A7B0335D4BDF}"
EndProject
Project("{FAE04EC0-301F-11D3-BF4B-00C04F79EFBC}") = "EzPassword.ConsoleGenerator", "EzPassword.ConsoleGenerator\EzPassword.ConsoleGenerator.csproj", "{69A4F94E-9962-424E-A79B-215B590964D6}"
EndProject
Project("{FAE04EC0-301F-11D3-BF4B-00C04F79EFBC}") = "EzPassword.Transformation", "EzPassword.Transformation\EzPassword.Transformation.csproj", "{A22353B7-9ABA-4EC3-A23D-8140074326EF}"
EndProject
Project("{FAE04EC0-301F-11D3-BF4B-00C04F79EFBC}") = "EzPassword.Transformation.UnitTests", "EzPassword.Transformation.UnitTests\EzPassword.Transformation.UnitTests.csproj", "{10BC1F35-67DA-4A3B-A17E-E8D591B2A81F}"
EndProject
Project("{FAE04EC0-301F-11D3-BF4B-00C04F79EFBC}") = "EzPassword.WebApi", "EzPassword.WebApi\EzPassword.WebApi.csproj", "{089F9F4E-93F7-46EE-A8C3-F214E813CA90}"
EndProject
Project("{FAE04EC0-301F-11D3-BF4B-00C04F79EFBC}") = "EzPassword.Function", "EzPassword.Function\EzPassword.Function.csproj", "{57AAD5D1-D127-4852-91CE-BD0C2EECC83A}"
EndProject
Global
	GlobalSection(SolutionConfigurationPlatforms) = preSolution
		Debug|Any CPU = Debug|Any CPU
		Release|Any CPU = Release|Any CPU
	EndGlobalSection
	GlobalSection(ProjectConfigurationPlatforms) = postSolution
		{0B8EB213-32F8-4564-9040-C1103D1F6F5C}.Debug|Any CPU.ActiveCfg = Debug|Any CPU
		{0B8EB213-32F8-4564-9040-C1103D1F6F5C}.Debug|Any CPU.Build.0 = Debug|Any CPU
		{0B8EB213-32F8-4564-9040-C1103D1F6F5C}.Release|Any CPU.ActiveCfg = Release|Any CPU
		{0B8EB213-32F8-4564-9040-C1103D1F6F5C}.Release|Any CPU.Build.0 = Release|Any CPU
		{8827F9E2-C47D-40D0-8571-E9BA36DF2BBC}.Debug|Any CPU.ActiveCfg = Debug|Any CPU
		{8827F9E2-C47D-40D0-8571-E9BA36DF2BBC}.Debug|Any CPU.Build.0 = Debug|Any CPU
		{8827F9E2-C47D-40D0-8571-E9BA36DF2BBC}.Release|Any CPU.ActiveCfg = Release|Any CPU
		{8827F9E2-C47D-40D0-8571-E9BA36DF2BBC}.Release|Any CPU.Build.0 = Release|Any CPU
		{7E3BC3E1-D944-4A49-AAD8-A7B0335D4BDF}.Debug|Any CPU.ActiveCfg = Debug|Any CPU
		{7E3BC3E1-D944-4A49-AAD8-A7B0335D4BDF}.Debug|Any CPU.Build.0 = Debug|Any CPU
		{7E3BC3E1-D944-4A49-AAD8-A7B0335D4BDF}.Release|Any CPU.ActiveCfg = Release|Any CPU
		{7E3BC3E1-D944-4A49-AAD8-A7B0335D4BDF}.Release|Any CPU.Build.0 = Release|Any CPU
		{69A4F94E-9962-424E-A79B-215B590964D6}.Debug|Any CPU.ActiveCfg = Debug|Any CPU
		{69A4F94E-9962-424E-A79B-215B590964D6}.Debug|Any CPU.Build.0 = Debug|Any CPU
		{69A4F94E-9962-424E-A79B-215B590964D6}.Release|Any CPU.ActiveCfg = Release|Any CPU
		{69A4F94E-9962-424E-A79B-215B590964D6}.Release|Any CPU.Build.0 = Release|Any CPU
		{A22353B7-9ABA-4EC3-A23D-8140074326EF}.Debug|Any CPU.ActiveCfg = Debug|Any CPU
		{A22353B7-9ABA-4EC3-A23D-8140074326EF}.Debug|Any CPU.Build.0 = Debug|Any CPU
		{A22353B7-9ABA-4EC3-A23D-8140074326EF}.Release|Any CPU.ActiveCfg = Release|Any CPU
		{A22353B7-9ABA-4EC3-A23D-8140074326EF}.Release|Any CPU.Build.0 = Release|Any CPU
		{10BC1F35-67DA-4A3B-A17E-E8D591B2A81F}.Debug|Any CPU.ActiveCfg = Debug|Any CPU
		{10BC1F35-67DA-4A3B-A17E-E8D591B2A81F}.Debug|Any CPU.Build.0 = Debug|Any CPU
		{10BC1F35-67DA-4A3B-A17E-E8D591B2A81F}.Release|Any CPU.ActiveCfg = Release|Any CPU
		{10BC1F35-67DA-4A3B-A17E-E8D591B2A81F}.Release|Any CPU.Build.0 = Release|Any CPU
		{089F9F4E-93F7-46EE-A8C3-F214E813CA90}.Debug|Any CPU.ActiveCfg = Debug|Any CPU
		{089F9F4E-93F7-46EE-A8C3-F214E813CA90}.Debug|Any CPU.Build.0 = Debug|Any CPU
		{089F9F4E-93F7-46EE-A8C3-F214E813CA90}.Release|Any CPU.ActiveCfg = Release|Any CPU
		{089F9F4E-93F7-46EE-A8C3-F214E813CA90}.Release|Any CPU.Build.0 = Release|Any CPU
		{57AAD5D1-D127-4852-91CE-BD0C2EECC83A}.Debug|Any CPU.ActiveCfg = Debug|Any CPU
		{57AAD5D1-D127-4852-91CE-BD0C2EECC83A}.Debug|Any CPU.Build.0 = Debug|Any CPU
		{57AAD5D1-D127-4852-91CE-BD0C2EECC83A}.Release|Any CPU.ActiveCfg = Release|Any CPU
		{57AAD5D1-D127-4852-91CE-BD0C2EECC83A}.Release|Any CPU.Build.0 = Release|Any CPU
	EndGlobalSection
	GlobalSection(SolutionProperties) = preSolution
		HideSolutionNode = FALSE
	EndGlobalSection
	GlobalSection(ExtensibilityGlobals) = postSolution
		SolutionGuid = {51640795-26B2-4C5D-BDF2-40525BEA541C}
	EndGlobalSection
EndGlobal
